// !$*UTF8*$!
{
	archiveVersion = 1;
	classes = {
	};
	objectVersion = 77;
	objects = {

/* Begin PBXContainerItemProxy section */
		F4A3B08D2D49886D00A3EE75 /* PBXContainerItemProxy */ = {
			isa = PBXContainerItemProxy;
			containerPortal = F4A3B0742D49886B00A3EE75 /* Project object */;
			proxyType = 1;
			remoteGlobalIDString = F4A3B07B2D49886B00A3EE75;
			remoteInfo = Nooro;
		};
		F4A3B0972D49886D00A3EE75 /* PBXContainerItemProxy */ = {
			isa = PBXContainerItemProxy;
			containerPortal = F4A3B0742D49886B00A3EE75 /* Project object */;
			proxyType = 1;
			remoteGlobalIDString = F4A3B07B2D49886B00A3EE75;
			remoteInfo = Nooro;
		};
/* End PBXContainerItemProxy section */

/* Begin PBXFileReference section */
		F4A3B07C2D49886B00A3EE75 /* Nooro.app */ = {isa = PBXFileReference; explicitFileType = wrapper.application; includeInIndex = 0; path = Nooro.app; sourceTree = BUILT_PRODUCTS_DIR; };
		F4A3B08C2D49886D00A3EE75 /* NooroTests.xctest */ = {isa = PBXFileReference; explicitFileType = wrapper.cfbundle; includeInIndex = 0; path = NooroTests.xctest; sourceTree = BUILT_PRODUCTS_DIR; };
		F4A3B0962D49886D00A3EE75 /* NooroUITests.xctest */ = {isa = PBXFileReference; explicitFileType = wrapper.cfbundle; includeInIndex = 0; path = NooroUITests.xctest; sourceTree = BUILT_PRODUCTS_DIR; };
/* End PBXFileReference section */

/* Begin PBXFileSystemSynchronizedRootGroup section */
		F4A3B07E2D49886B00A3EE75 /* Nooro */ = {
			isa = PBXFileSystemSynchronizedRootGroup;
			path = Nooro;
			sourceTree = "<group>";
		};
		F4A3B08F2D49886D00A3EE75 /* NooroTests */ = {
			isa = PBXFileSystemSynchronizedRootGroup;
			path = NooroTests;
			sourceTree = "<group>";
		};
		F4A3B0992D49886D00A3EE75 /* NooroUITests */ = {
			isa = PBXFileSystemSynchronizedRootGroup;
			path = NooroUITests;
			sourceTree = "<group>";
		};
/* End PBXFileSystemSynchronizedRootGroup section */

/* Begin PBXFrameworksBuildPhase section */
		F4A3B0792D49886B00A3EE75 /* Frameworks */ = {
			isa = PBXFrameworksBuildPhase;
			buildActionMask = 2147483647;
			files = (
			);
			runOnlyForDeploymentPostprocessing = 0;
		};
		F4A3B0892D49886D00A3EE75 /* Frameworks */ = {
			isa = PBXFrameworksBuildPhase;
			buildActionMask = 2147483647;
			files = (
			);
			runOnlyForDeploymentPostprocessing = 0;
		};
		F4A3B0932D49886D00A3EE75 /* Frameworks */ = {
			isa = PBXFrameworksBuildPhase;
			buildActionMask = 2147483647;
			files = (
			);
			runOnlyForDeploymentPostprocessing = 0;
		};
/* End PBXFrameworksBuildPhase section */

/* Begin PBXGroup section */
		F4A3B0732D49886B00A3EE75 = {
			isa = PBXGroup;
			children = (
				F4A3B07E2D49886B00A3EE75 /* Nooro */,
				F4A3B08F2D49886D00A3EE75 /* NooroTests */,
				F4A3B0992D49886D00A3EE75 /* NooroUITests */,
				F4A3B07D2D49886B00A3EE75 /* Products */,
			);
			sourceTree = "<group>";
		};
		F4A3B07D2D49886B00A3EE75 /* Products */ = {
			isa = PBXGroup;
			children = (
				F4A3B07C2D49886B00A3EE75 /* Nooro.app */,
				F4A3B08C2D49886D00A3EE75 /* NooroTests.xctest */,
				F4A3B0962D49886D00A3EE75 /* NooroUITests.xctest */,
			);
			name = Products;
			sourceTree = "<group>";
		};
/* End PBXGroup section */

/* Begin PBXNativeTarget section */
		F4A3B07B2D49886B00A3EE75 /* Nooro */ = {
			isa = PBXNativeTarget;
			buildConfigurationList = F4A3B0A02D49886D00A3EE75 /* Build configuration list for PBXNativeTarget "Nooro" */;
			buildPhases = (
				F4A3B0782D49886B00A3EE75 /* Sources */,
				F4A3B0792D49886B00A3EE75 /* Frameworks */,
				F4A3B07A2D49886B00A3EE75 /* Resources */,
			);
			buildRules = (
			);
			dependencies = (
			);
			fileSystemSynchronizedGroups = (
				F4A3B07E2D49886B00A3EE75 /* Nooro */,
			);
			name = Nooro;
			packageProductDependencies = (
			);
			productName = Nooro;
			productReference = F4A3B07C2D49886B00A3EE75 /* Nooro.app */;
			productType = "com.apple.product-type.application";
		};
		F4A3B08B2D49886D00A3EE75 /* NooroTests */ = {
			isa = PBXNativeTarget;
			buildConfigurationList = F4A3B0A32D49886D00A3EE75 /* Build configuration list for PBXNativeTarget "NooroTests" */;
			buildPhases = (
				F4A3B0882D49886D00A3EE75 /* Sources */,
				F4A3B0892D49886D00A3EE75 /* Frameworks */,
				F4A3B08A2D49886D00A3EE75 /* Resources */,
			);
			buildRules = (
			);
			dependencies = (
				F4A3B08E2D49886D00A3EE75 /* PBXTargetDependency */,
			);
			fileSystemSynchronizedGroups = (
				F4A3B08F2D49886D00A3EE75 /* NooroTests */,
			);
			name = NooroTests;
			packageProductDependencies = (
			);
			productName = NooroTests;
			productReference = F4A3B08C2D49886D00A3EE75 /* NooroTests.xctest */;
			productType = "com.apple.product-type.bundle.unit-test";
		};
		F4A3B0952D49886D00A3EE75 /* NooroUITests */ = {
			isa = PBXNativeTarget;
			buildConfigurationList = F4A3B0A62D49886D00A3EE75 /* Build configuration list for PBXNativeTarget "NooroUITests" */;
			buildPhases = (
				F4A3B0922D49886D00A3EE75 /* Sources */,
				F4A3B0932D49886D00A3EE75 /* Frameworks */,
				F4A3B0942D49886D00A3EE75 /* Resources */,
			);
			buildRules = (
			);
			dependencies = (
				F4A3B0982D49886D00A3EE75 /* PBXTargetDependency */,
			);
			fileSystemSynchronizedGroups = (
				F4A3B0992D49886D00A3EE75 /* NooroUITests */,
			);
			name = NooroUITests;
			packageProductDependencies = (
			);
			productName = NooroUITests;
			productReference = F4A3B0962D49886D00A3EE75 /* NooroUITests.xctest */;
			productType = "com.apple.product-type.bundle.ui-testing";
		};
/* End PBXNativeTarget section */

/* Begin PBXProject section */
		F4A3B0742D49886B00A3EE75 /* Project object */ = {
			isa = PBXProject;
			attributes = {
				BuildIndependentTargetsInParallel = 1;
				LastSwiftUpdateCheck = 1610;
				LastUpgradeCheck = 1610;
				TargetAttributes = {
					F4A3B07B2D49886B00A3EE75 = {
						CreatedOnToolsVersion = 16.1;
					};
					F4A3B08B2D49886D00A3EE75 = {
						CreatedOnToolsVersion = 16.1;
						TestTargetID = F4A3B07B2D49886B00A3EE75;
					};
					F4A3B0952D49886D00A3EE75 = {
						CreatedOnToolsVersion = 16.1;
						TestTargetID = F4A3B07B2D49886B00A3EE75;
					};
				};
			};
			buildConfigurationList = F4A3B0772D49886B00A3EE75 /* Build configuration list for PBXProject "Nooro" */;
			developmentRegion = en;
			hasScannedForEncodings = 0;
			knownRegions = (
				en,
				Base,
			);
			mainGroup = F4A3B0732D49886B00A3EE75;
			minimizedProjectReferenceProxies = 1;
			preferredProjectObjectVersion = 77;
			productRefGroup = F4A3B07D2D49886B00A3EE75 /* Products */;
			projectDirPath = "";
			projectRoot = "";
			targets = (
				F4A3B07B2D49886B00A3EE75 /* Nooro */,
				F4A3B08B2D49886D00A3EE75 /* NooroTests */,
				F4A3B0952D49886D00A3EE75 /* NooroUITests */,
			);
		};
/* End PBXProject section */

/* Begin PBXResourcesBuildPhase section */
		F4A3B07A2D49886B00A3EE75 /* Resources */ = {
			isa = PBXResourcesBuildPhase;
			buildActionMask = 2147483647;
			files = (
			);
			runOnlyForDeploymentPostprocessing = 0;
		};
		F4A3B08A2D49886D00A3EE75 /* Resources */ = {
			isa = PBXResourcesBuildPhase;
			buildActionMask = 2147483647;
			files = (
			);
			runOnlyForDeploymentPostprocessing = 0;
		};
		F4A3B0942D49886D00A3EE75 /* Resources */ = {
			isa = PBXResourcesBuildPhase;
			buildActionMask = 2147483647;
			files = (
			);
			runOnlyForDeploymentPostprocessing = 0;
		};
/* End PBXResourcesBuildPhase section */

/* Begin PBXSourcesBuildPhase section */
		F4A3B0782D49886B00A3EE75 /* Sources */ = {
			isa = PBXSourcesBuildPhase;
			buildActionMask = 2147483647;
			files = (
			);
			runOnlyForDeploymentPostprocessing = 0;
		};
		F4A3B0882D49886D00A3EE75 /* Sources */ = {
			isa = PBXSourcesBuildPhase;
			buildActionMask = 2147483647;
			files = (
			);
			runOnlyForDeploymentPostprocessing = 0;
		};
		F4A3B0922D49886D00A3EE75 /* Sources */ = {
			isa = PBXSourcesBuildPhase;
			buildActionMask = 2147483647;
			files = (
			);
			runOnlyForDeploymentPostprocessing = 0;
		};
/* End PBXSourcesBuildPhase section */

/* Begin PBXTargetDependency section */
		F4A3B08E2D49886D00A3EE75 /* PBXTargetDependency */ = {
			isa = PBXTargetDependency;
			target = F4A3B07B2D49886B00A3EE75 /* Nooro */;
			targetProxy = F4A3B08D2D49886D00A3EE75 /* PBXContainerItemProxy */;
		};
		F4A3B0982D49886D00A3EE75 /* PBXTargetDependency */ = {
			isa = PBXTargetDependency;
			target = F4A3B07B2D49886B00A3EE75 /* Nooro */;
			targetProxy = F4A3B0972D49886D00A3EE75 /* PBXContainerItemProxy */;
		};
/* End PBXTargetDependency section */

/* Begin XCBuildConfiguration section */
		F4A3B09E2D49886D00A3EE75 /* Debug */ = {
			isa = XCBuildConfiguration;
			buildSettings = {
				ALWAYS_SEARCH_USER_PATHS = NO;
				ASSETCATALOG_COMPILER_GENERATE_SWIFT_ASSET_SYMBOL_EXTENSIONS = YES;
				CLANG_ANALYZER_NONNULL = YES;
				CLANG_ANALYZER_NUMBER_OBJECT_CONVERSION = YES_AGGRESSIVE;
				CLANG_CXX_LANGUAGE_STANDARD = "gnu++20";
				CLANG_ENABLE_MODULES = YES;
				CLANG_ENABLE_OBJC_ARC = YES;
				CLANG_ENABLE_OBJC_WEAK = YES;
				CLANG_WARN_BLOCK_CAPTURE_AUTORELEASING = YES;
				CLANG_WARN_BOOL_CONVERSION = YES;
				CLANG_WARN_COMMA = YES;
				CLANG_WARN_CONSTANT_CONVERSION = YES;
				CLANG_WARN_DEPRECATED_OBJC_IMPLEMENTATIONS = YES;
				CLANG_WARN_DIRECT_OBJC_ISA_USAGE = YES_ERROR;
				CLANG_WARN_DOCUMENTATION_COMMENTS = YES;
				CLANG_WARN_EMPTY_BODY = YES;
				CLANG_WARN_ENUM_CONVERSION = YES;
				CLANG_WARN_INFINITE_RECURSION = YES;
				CLANG_WARN_INT_CONVERSION = YES;
				CLANG_WARN_NON_LITERAL_NULL_CONVERSION = YES;
				CLANG_WARN_OBJC_IMPLICIT_RETAIN_SELF = YES;
				CLANG_WARN_OBJC_LITERAL_CONVERSION = YES;
				CLANG_WARN_OBJC_ROOT_CLASS = YES_ERROR;
				CLANG_WARN_QUOTED_INCLUDE_IN_FRAMEWORK_HEADER = YES;
				CLANG_WARN_RANGE_LOOP_ANALYSIS = YES;
				CLANG_WARN_STRICT_PROTOTYPES = YES;
				CLANG_WARN_SUSPICIOUS_MOVE = YES;
				CLANG_WARN_UNGUARDED_AVAILABILITY = YES_AGGRESSIVE;
				CLANG_WARN_UNREACHABLE_CODE = YES;
				CLANG_WARN__DUPLICATE_METHOD_MATCH = YES;
				COPY_PHASE_STRIP = NO;
				DEBUG_INFORMATION_FORMAT = dwarf;
				ENABLE_STRICT_OBJC_MSGSEND = YES;
				ENABLE_TESTABILITY = YES;
				ENABLE_USER_SCRIPT_SANDBOXING = YES;
				GCC_C_LANGUAGE_STANDARD = gnu17;
				GCC_DYNAMIC_NO_PIC = NO;
				GCC_NO_COMMON_BLOCKS = YES;
				GCC_OPTIMIZATION_LEVEL = 0;
				GCC_PREPROCESSOR_DEFINITIONS = (
					"DEBUG=1",
					"$(inherited)",
				);
				GCC_WARN_64_TO_32_BIT_CONVERSION = YES;
				GCC_WARN_ABOUT_RETURN_TYPE = YES_ERROR;
				GCC_WARN_UNDECLARED_SELECTOR = YES;
				GCC_WARN_UNINITIALIZED_AUTOS = YES_AGGRESSIVE;
				GCC_WARN_UNUSED_FUNCTION = YES;
				GCC_WARN_UNUSED_VARIABLE = YES;
				IPHONEOS_DEPLOYMENT_TARGET = 18.1;
				LOCALIZATION_PREFERS_STRING_CATALOGS = YES;
				MTL_ENABLE_DEBUG_INFO = INCLUDE_SOURCE;
				MTL_FAST_MATH = YES;
				ONLY_ACTIVE_ARCH = YES;
				SDKROOT = iphoneos;
				SWIFT_ACTIVE_COMPILATION_CONDITIONS = "DEBUG $(inherited)";
				SWIFT_OPTIMIZATION_LEVEL = "-Onone";
			};
			name = Debug;
		};
		F4A3B09F2D49886D00A3EE75 /* Release */ = {
			isa = XCBuildConfiguration;
			buildSettings = {
				ALWAYS_SEARCH_USER_PATHS = NO;
				ASSETCATALOG_COMPILER_GENERATE_SWIFT_ASSET_SYMBOL_EXTENSIONS = YES;
				CLANG_ANALYZER_NONNULL = YES;
				CLANG_ANALYZER_NUMBER_OBJECT_CONVERSION = YES_AGGRESSIVE;
				CLANG_CXX_LANGUAGE_STANDARD = "gnu++20";
				CLANG_ENABLE_MODULES = YES;
				CLANG_ENABLE_OBJC_ARC = YES;
				CLANG_ENABLE_OBJC_WEAK = YES;
				CLANG_WARN_BLOCK_CAPTURE_AUTORELEASING = YES;
				CLANG_WARN_BOOL_CONVERSION = YES;
				CLANG_WARN_COMMA = YES;
				CLANG_WARN_CONSTANT_CONVERSION = YES;
				CLANG_WARN_DEPRECATED_OBJC_IMPLEMENTATIONS = YES;
				CLANG_WARN_DIRECT_OBJC_ISA_USAGE = YES_ERROR;
				CLANG_WARN_DOCUMENTATION_COMMENTS = YES;
				CLANG_WARN_EMPTY_BODY = YES;
				CLANG_WARN_ENUM_CONVERSION = YES;
				CLANG_WARN_INFINITE_RECURSION = YES;
				CLANG_WARN_INT_CONVERSION = YES;
				CLANG_WARN_NON_LITERAL_NULL_CONVERSION = YES;
				CLANG_WARN_OBJC_IMPLICIT_RETAIN_SELF = YES;
				CLANG_WARN_OBJC_LITERAL_CONVERSION = YES;
				CLANG_WARN_OBJC_ROOT_CLASS = YES_ERROR;
				CLANG_WARN_QUOTED_INCLUDE_IN_FRAMEWORK_HEADER = YES;
				CLANG_WARN_RANGE_LOOP_ANALYSIS = YES;
				CLANG_WARN_STRICT_PROTOTYPES = YES;
				CLANG_WARN_SUSPICIOUS_MOVE = YES;
				CLANG_WARN_UNGUARDED_AVAILABILITY = YES_AGGRESSIVE;
				CLANG_WARN_UNREACHABLE_CODE = YES;
				CLANG_WARN__DUPLICATE_METHOD_MATCH = YES;
				COPY_PHASE_STRIP = NO;
				DEBUG_INFORMATION_FORMAT = "dwarf-with-dsym";
				ENABLE_NS_ASSERTIONS = NO;
				ENABLE_STRICT_OBJC_MSGSEND = YES;
				ENABLE_USER_SCRIPT_SANDBOXING = YES;
				GCC_C_LANGUAGE_STANDARD = gnu17;
				GCC_NO_COMMON_BLOCKS = YES;
				GCC_WARN_64_TO_32_BIT_CONVERSION = YES;
				GCC_WARN_ABOUT_RETURN_TYPE = YES_ERROR;
				GCC_WARN_UNDECLARED_SELECTOR = YES;
				GCC_WARN_UNINITIALIZED_AUTOS = YES_AGGRESSIVE;
				GCC_WARN_UNUSED_FUNCTION = YES;
				GCC_WARN_UNUSED_VARIABLE = YES;
				IPHONEOS_DEPLOYMENT_TARGET = 18.1;
				LOCALIZATION_PREFERS_STRING_CATALOGS = YES;
				MTL_ENABLE_DEBUG_INFO = NO;
				MTL_FAST_MATH = YES;
				SDKROOT = iphoneos;
				SWIFT_COMPILATION_MODE = wholemodule;
				VALIDATE_PRODUCT = YES;
			};
			name = Release;
		};
		F4A3B0A12D49886D00A3EE75 /* Debug */ = {
			isa = XCBuildConfiguration;
			buildSettings = {
				ASSETCATALOG_COMPILER_APPICON_NAME = AppIcon;
				ASSETCATALOG_COMPILER_GLOBAL_ACCENT_COLOR_NAME = AccentColor;
				CODE_SIGN_STYLE = Automatic;
				CURRENT_PROJECT_VERSION = 1;
				DEVELOPMENT_ASSET_PATHS = "\"Nooro/Preview Content\"";
				DEVELOPMENT_TEAM = 2VMNV5JH5M;
				ENABLE_PREVIEWS = YES;
				GENERATE_INFOPLIST_FILE = YES;
				INFOPLIST_KEY_UIApplicationSceneManifest_Generation = YES;
				INFOPLIST_KEY_UIApplicationSupportsIndirectInputEvents = YES;
				INFOPLIST_KEY_UILaunchScreen_Generation = YES;
				INFOPLIST_KEY_UISupportedInterfaceOrientations_iPad = "UIInterfaceOrientationPortrait UIInterfaceOrientationPortraitUpsideDown UIInterfaceOrientationLandscapeLeft UIInterfaceOrientationLandscapeRight";
				INFOPLIST_KEY_UISupportedInterfaceOrientations_iPhone = "UIInterfaceOrientationPortrait UIInterfaceOrientationLandscapeLeft UIInterfaceOrientationLandscapeRight";
				LD_RUNPATH_SEARCH_PATHS = (
					"$(inherited)",
					"@executable_path/Frameworks",
				);
				MARKETING_VERSION = 1.0;
				PRODUCT_BUNDLE_IDENTIFIER = com.bocanasa.Nooro;
				PRODUCT_NAME = "$(TARGET_NAME)";
				SWIFT_EMIT_LOC_STRINGS = YES;
				SWIFT_VERSION = 5.0;
				TARGETED_DEVICE_FAMILY = "1,2";
			};
			name = Debug;
		};
		F4A3B0A22D49886D00A3EE75 /* Release */ = {
			isa = XCBuildConfiguration;
			buildSettings = {
				ASSETCATALOG_COMPILER_APPICON_NAME = AppIcon;
				ASSETCATALOG_COMPILER_GLOBAL_ACCENT_COLOR_NAME = AccentColor;
				CODE_SIGN_STYLE = Automatic;
				CURRENT_PROJECT_VERSION = 1;
				DEVELOPMENT_ASSET_PATHS = "\"Nooro/Preview Content\"";
				DEVELOPMENT_TEAM = 2VMNV5JH5M;
				ENABLE_PREVIEWS = YES;
				GENERATE_INFOPLIST_FILE = YES;
				INFOPLIST_KEY_UIApplicationSceneManifest_Generation = YES;
				INFOPLIST_KEY_UIApplicationSupportsIndirectInputEvents = YES;
				INFOPLIST_KEY_UILaunchScreen_Generation = YES;
				INFOPLIST_KEY_UISupportedInterfaceOrientations_iPad = "UIInterfaceOrientationPortrait UIInterfaceOrientationPortraitUpsideDown UIInterfaceOrientationLandscapeLeft UIInterfaceOrientationLandscapeRight";
				INFOPLIST_KEY_UISupportedInterfaceOrientations_iPhone = "UIInterfaceOrientationPortrait UIInterfaceOrientationLandscapeLeft UIInterfaceOrientationLandscapeRight";
				LD_RUNPATH_SEARCH_PATHS = (
					"$(inherited)",
					"@executable_path/Frameworks",
				);
				MARKETING_VERSION = 1.0;
				PRODUCT_BUNDLE_IDENTIFIER = com.bocanasa.Nooro;
				PRODUCT_NAME = "$(TARGET_NAME)";
				SWIFT_EMIT_LOC_STRINGS = YES;
				SWIFT_VERSION = 5.0;
				TARGETED_DEVICE_FAMILY = "1,2";
			};
			name = Release;
		};
		F4A3B0A42D49886D00A3EE75 /* Debug */ = {
			isa = XCBuildConfiguration;
			buildSettings = {
				BUNDLE_LOADER = "$(TEST_HOST)";
				CODE_SIGN_STYLE = Automatic;
				CURRENT_PROJECT_VERSION = 1;
				DEVELOPMENT_TEAM = 2VMNV5JH5M;
				GENERATE_INFOPLIST_FILE = YES;
				IPHONEOS_DEPLOYMENT_TARGET = 18.1;
				MARKETING_VERSION = 1.0;
				PRODUCT_BUNDLE_IDENTIFIER = com.bocanasa.NooroTests;
				PRODUCT_NAME = "$(TARGET_NAME)";
				SWIFT_EMIT_LOC_STRINGS = NO;
				SWIFT_VERSION = 5.0;
				TARGETED_DEVICE_FAMILY = "1,2";
				TEST_HOST = "$(BUILT_PRODUCTS_DIR)/Nooro.app/$(BUNDLE_EXECUTABLE_FOLDER_PATH)/Nooro";
			};
			name = Debug;
		};
		F4A3B0A52D49886D00A3EE75 /* Release */ = {
			isa = XCBuildConfiguration;
			buildSettings = {
				BUNDLE_LOADER = "$(TEST_HOST)";
				CODE_SIGN_STYLE = Automatic;
				CURRENT_PROJECT_VERSION = 1;
				DEVELOPMENT_TEAM = 2VMNV5JH5M;
				GENERATE_INFOPLIST_FILE = YES;
				IPHONEOS_DEPLOYMENT_TARGET = 18.1;
				MARKETING_VERSION = 1.0;
				PRODUCT_BUNDLE_IDENTIFIER = com.bocanasa.NooroTests;
				PRODUCT_NAME = "$(TARGET_NAME)";
				SWIFT_EMIT_LOC_STRINGS = NO;
				SWIFT_VERSION = 5.0;
				TARGETED_DEVICE_FAMILY = "1,2";
				TEST_HOST = "$(BUILT_PRODUCTS_DIR)/Nooro.app/$(BUNDLE_EXECUTABLE_FOLDER_PATH)/Nooro";
			};
			name = Release;
		};
		F4A3B0A72D49886D00A3EE75 /* Debug */ = {
			isa = XCBuildConfiguration;
			buildSettings = {
				CODE_SIGN_STYLE = Automatic;
				CURRENT_PROJECT_VERSION = 1;
				DEVELOPMENT_TEAM = 2VMNV5JH5M;
				GENERATE_INFOPLIST_FILE = YES;
				MARKETING_VERSION = 1.0;
				PRODUCT_BUNDLE_IDENTIFIER = com.bocanasa.NooroUITests;
				PRODUCT_NAME = "$(TARGET_NAME)";
				SWIFT_EMIT_LOC_STRINGS = NO;
				SWIFT_VERSION = 5.0;
				TARGETED_DEVICE_FAMILY = "1,2";
				TEST_TARGET_NAME = Nooro;
			};
			name = Debug;
		};
		F4A3B0A82D49886D00A3EE75 /* Release */ = {
			isa = XCBuildConfiguration;
			buildSettings = {
				CODE_SIGN_STYLE = Automatic;
				CURRENT_PROJECT_VERSION = 1;
				DEVELOPMENT_TEAM = 2VMNV5JH5M;
				GENERATE_INFOPLIST_FILE = YES;
				MARKETING_VERSION = 1.0;
				PRODUCT_BUNDLE_IDENTIFIER = com.bocanasa.NooroUITests;
				PRODUCT_NAME = "$(TARGET_NAME)";
				SWIFT_EMIT_LOC_STRINGS = NO;
				SWIFT_VERSION = 5.0;
				TARGETED_DEVICE_FAMILY = "1,2";
				TEST_TARGET_NAME = Nooro;
			};
			name = Release;
		};
/* End XCBuildConfiguration section */

/* Begin XCConfigurationList section */
		F4A3B0772D49886B00A3EE75 /* Build configuration list for PBXProject "Nooro" */ = {
			isa = XCConfigurationList;
			buildConfigurations = (
				F4A3B09E2D49886D00A3EE75 /* Debug */,
				F4A3B09F2D49886D00A3EE75 /* Release */,
			);
			defaultConfigurationIsVisible = 0;
			defaultConfigurationName = Release;
		};
		F4A3B0A02D49886D00A3EE75 /* Build configuration list for PBXNativeTarget "Nooro" */ = {
			isa = XCConfigurationList;
			buildConfigurations = (
				F4A3B0A12D49886D00A3EE75 /* Debug */,
				F4A3B0A22D49886D00A3EE75 /* Release */,
			);
			defaultConfigurationIsVisible = 0;
			defaultConfigurationName = Release;
		};
		F4A3B0A32D49886D00A3EE75 /* Build configuration list for PBXNativeTarget "NooroTests" */ = {
			isa = XCConfigurationList;
			buildConfigurations = (
				F4A3B0A42D49886D00A3EE75 /* Debug */,
				F4A3B0A52D49886D00A3EE75 /* Release */,
			);
			defaultConfigurationIsVisible = 0;
			defaultConfigurationName = Release;
		};
		F4A3B0A62D49886D00A3EE75 /* Build configuration list for PBXNativeTarget "NooroUITests" */ = {
			isa = XCConfigurationList;
			buildConfigurations = (
				F4A3B0A72D49886D00A3EE75 /* Debug */,
				F4A3B0A82D49886D00A3EE75 /* Release */,
			);
			defaultConfigurationIsVisible = 0;
			defaultConfigurationName = Release;
		};
/* End XCConfigurationList section */
	};
	rootObject = F4A3B0742D49886B00A3EE75 /* Project object */;
}
